{
  "name": "enterprise-rag-ui",
  "version": "1.0.0",
  "lockfileVersion": 2,
  "requires": true,
  "packages": {
    "": {
      "name": "enterprise-rag-ui",
      "version": "1.0.0",
      "description": "Enterprise RAG Intelligence Platform - Static HTML UI",
      "dependencies": {
        "serve": "^14.2.0"
      }
    }
  }
}
